# @generated - this file is auto-generated by `mise lock` https://mise.jdx.dev/dev-tools/mise-lock.html

[[tools.go]]
version = "1.24.13"
backend = "core:go"

[tools.go."platforms.linux-arm64"]
checksum = "sha256:74d97be1cc3a474129590c67ebf748a96e72d9f3a2b6fef3ed3275de591d49b3"
url = "https://dl.google.com/go/go1.24.13.linux-arm64.tar.gz"

[tools.go."platforms.linux-x64"]
checksum = "sha256:1fc94b57134d51669c72173ad5d49fd62afb0f1db9bf3f798fd98ee423f8d730"
url = "https://dl.google.com/go/go1.24.13.linux-amd64.tar.gz"

[tools.go."platforms.macos-arm64"]
checksum = "sha256:f282d882c3353485e2fc6c634606d85caf36e855167d59b996dbeae19fa7629a"
url = "https://dl.google.com/go/go1.24.13.darwin-arm64.tar.gz"

[tools.go."platforms.macos-x64"]
checksum = "sha256:6cc6549b06725220b342b740497ffd24e0ebdcef75781a77931ca199f46ad781"
url = "https://dl.google.com/go/go1.24.13.darwin-amd64.tar.gz"

[[tools.python]]
version = "3.12.13"
backend = "core:python"

[tools.python."platforms.linux-arm64"]
checksum = "sha256:e125d3e75034fe75d49ae8577b53758b0bb7d7817fadde2c020ad2cf7afe64c4"
url = "https://github.com/astral-sh/python-build-standalone/releases/download/20260728/cpython-3.12.13+20260728-aarch64-unknown-linux-gnu-install_only_stripped.tar.gz"
provenance = "github-attestations"

[tools.python."platforms.linux-x64"]
checksum = "sha256:7ceaf4360f4b4ab44f31d8217cfdc70df8e12b61d9561b4900ee7af87176e50d"
url = "https://github.com/astral-sh/python-build-standalone/releases/download/20260728/cpython-3.12.13+20260728-x86_64-unknown-linux-gnu-install_only_stripped.tar.gz"
provenance = "github-attestations"

[tools.python."platforms.macos-arm64"]
checksum = "sha256:2f18cdef4125ca1440dd1ba00ebcb267526efb532138c0860438f755ea4eebac"
url = "https://github.com/astral-sh/python-build-standalone/releases/download/20260728/cpython-3.12.13+20260728-aarch64-apple-darwin-install_only_stripped.tar.gz"
provenance = "github-attestations"

[tools.python."platforms.macos-x64"]
checksum = "sha256:e654c21d0ba53e2c671868d4112fac5874deca4c35226d36c5cfe53bc5c9cd71"
url = "https://github.com/astral-sh/python-build-standalone/releases/download/20260728/cpython-3.12.13+20260728-x86_64-apple-darwin-install_only_stripped.tar.gz"
provenance = "github-attestations"

[[tools.rust]]
version = "1.96.0"
backend = "core:rust"

[[tools."ubi:astral-sh/uv"]]
version = "0.11.21"
backend = "ubi:astral-sh/uv"

[[tools.zig]]
version = "0.16.0"
backend = "core:zig"

[tools.zig."platforms.linux-arm64"]
checksum = "sha256:ea4b09bfb22ec6f6c6ceac57ab63efb6b46e17ab08d21f69f3a48b38e1534f17"
url = "https://ziglang.org/download/0.16.0/zig-aarch64-linux-0.16.0.tar.xz"

[tools.zig."platforms.linux-x64"]
checksum = "sha256:70e49664a74374b48b51e6f3fdfbf437f6395d42509050588bd49abe52ba3d00"
url = "https://ziglang.org/download/0.16.0/zig-x86_64-linux-0.16.0.tar.xz"

[tools.zig."platforms.macos-arm64"]
checksum = "sha256:b23d70deaa879b5c2d486ed3316f7eaa53e84acf6fc9cc747de152450d401489"
url = "https://ziglang.org/download/0.16.0/zig-aarch64-macos-0.16.0.tar.xz"

[tools.zig."platforms.macos-x64"]
checksum = "sha256:0387557ed1877bc6a2e1802c8391953baddba76081876301c522f52977b52ba7"
url = "https://ziglang.org/download/0.16.0/zig-x86_64-macos-0.16.0.tar.xz"
